// !$*UTF8*$!
{
	archiveVersion = 1;
	classes = {
	};
	objectVersion = 55;
	objects = {

/* Begin PBXBuildFile section */
		B616EB5727FB64B30062FECD /* AppDelegate.swift in Sources */ = {isa = PBXBuildFile; fileRef = B616EB5627FB64B30062FECD /* AppDelegate.swift */; };
		B616EB5927FB64B30062FECD /* SceneDelegate.swift in Sources */ = {isa = PBXBuildFile; fileRef = B616EB5827FB64B30062FECD /* SceneDelegate.swift */; };
		B616EB5E27FB64B30062FECD /* Main.storyboard in Resources */ = {isa = PBXBuildFile; fileRef = B616EB5C27FB64B30062FECD /* Main.storyboard */; };
		B616EB6027FB64B40062FECD /* Assets.xcassets in Resources */ = {isa = PBXBuildFile; fileRef = B616EB5F27FB64B40062FECD /* Assets.xcassets */; };
		B616EB6327FB64B40062FECD /* LaunchScreen.storyboard in Resources */ = {isa = PBXBuildFile; fileRef = B616EB6127FB64B40062FECD /* LaunchScreen.storyboard */; };
		B67070BF280DD3EE0029E41D /* EndlessStatisticsTableViewCell.swift in Sources */ = {isa = PBXBuildFile; fileRef = B67070BE280DD3EE0029E41D /* EndlessStatisticsTableViewCell.swift */; };
		B67070C1280EA7AE0029E41D /* LevelTableViewCell.swift in Sources */ = {isa = PBXBuildFile; fileRef = B67070C0280EA7AE0029E41D /* LevelTableViewCell.swift */; };
		B67070C3280EA7BD0029E41D /* CampaignLevelsTableViewController.swift in Sources */ = {isa = PBXBuildFile; fileRef = B67070C2280EA7BD0029E41D /* CampaignLevelsTableViewController.swift */; };
		B67070C6280EA8050029E41D /* Level.swift in Sources */ = {isa = PBXBuildFile; fileRef = B67070C5280EA8050029E41D /* Level.swift */; };
		B67070C8280EA81F0029E41D /* CampaignGame.swift in Sources */ = {isa = PBXBuildFile; fileRef = B67070C7280EA81F0029E41D /* CampaignGame.swift */; };
		B68C8C25280C0BC800485CBF /* EndlessGameViewController.swift in Sources */ = {isa = PBXBuildFile; fileRef = B68C8C24280C0BC800485CBF /* EndlessGameViewController.swift */; };
		B68C8C27280C0D9000485CBF /* StartEndlessGameTableViewController.swift in Sources */ = {isa = PBXBuildFile; fileRef = B68C8C26280C0D9000485CBF /* StartEndlessGameTableViewController.swift */; };
		B68C8C29280C492B00485CBF /* EndlessStatisticsTableViewController.swift in Sources */ = {isa = PBXBuildFile; fileRef = B68C8C28280C492B00485CBF /* EndlessStatisticsTableViewController.swift */; };
		B6D040FB280EAEB900B5FA87 /* CampaignGameViewController.swift in Sources */ = {isa = PBXBuildFile; fileRef = B6D040FA280EAEB900B5FA87 /* CampaignGameViewController.swift */; };
		B6D040FD280F2E2100B5FA87 /* CampaignStatisticsTableViewController.swift in Sources */ = {isa = PBXBuildFile; fileRef = B6D040FC280F2E2100B5FA87 /* CampaignStatisticsTableViewController.swift */; };
		B6D040FF280F329A00B5FA87 /* CampaignStatisticsTableViewCell.swift in Sources */ = {isa = PBXBuildFile; fileRef = B6D040FE280F329900B5FA87 /* CampaignStatisticsTableViewCell.swift */; };
		B6D0410128102BEC00B5FA87 /* TabBarViewController.swift in Sources */ = {isa = PBXBuildFile; fileRef = B6D0410028102BEC00B5FA87 /* TabBarViewController.swift */; };
		B6D04104281031AC00B5FA87 /* ProfileViewController.swift in Sources */ = {isa = PBXBuildFile; fileRef = B6D04103281031AC00B5FA87 /* ProfileViewController.swift */; };
		B6DA9DBC27FB74D9007FE653 /* RatingGameViewController.swift in Sources */ = {isa = PBXBuildFile; fileRef = B6DA9DBB27FB74D9007FE653 /* RatingGameViewController.swift */; };
		B6DA9DBE27FB7DBB007FE653 /* GameViewController.swift in Sources */ = {isa = PBXBuildFile; fileRef = B6DA9DBD27FB7DBB007FE653 /* GameViewController.swift */; };
		B6DA9DC027FC2B39007FE653 /* Task.swift in Sources */ = {isa = PBXBuildFile; fileRef = B6DA9DBF27FC2B39007FE653 /* Task.swift */; };
		B6DA9DC227FC2B40007FE653 /* EndlessGame.swift in Sources */ = {isa = PBXBuildFile; fileRef = B6DA9DC127FC2B40007FE653 /* EndlessGame.swift */; };
		B6DA9DC427FC2B60007FE653 /* Player.swift in Sources */ = {isa = PBXBuildFile; fileRef = B6DA9DC327FC2B60007FE653 /* Player.swift */; };
		B6DA9DC827FCC9BD007FE653 /* StatisticsTableViewController.swift in Sources */ = {isa = PBXBuildFile; fileRef = B6DA9DC727FCC9BD007FE653 /* StatisticsTableViewController.swift */; };
/* End PBXBuildFile section */

/* Begin PBXFileReference section */
		B616EB5327FB64B30062FECD /* ArithmeticPvP.app */ = {isa = PBXFileReference; explicitFileType = wrapper.application; includeInIndex = 0; path = ArithmeticPvP.app; sourceTree = BUILT_PRODUCTS_DIR; };
		B616EB5627FB64B30062FECD /* AppDelegate.swift */ = {isa = PBXFileReference; lastKnownFileType = sourcecode.swift; path = AppDelegate.swift; sourceTree = "<group>"; };
		B616EB5827FB64B30062FECD /* SceneDelegate.swift */ = {isa = PBXFileReference; lastKnownFileType = sourcecode.swift; path = SceneDelegate.swift; sourceTree = "<group>"; };
		B616EB5D27FB64B30062FECD /* Base */ = {isa = PBXFileReference; lastKnownFileType = file.storyboard; name = Base; path = Base.lproj/Main.storyboard; sourceTree = "<group>"; };
		B616EB5F27FB64B40062FECD /* Assets.xcassets */ = {isa = PBXFileReference; lastKnownFileType = folder.assetcatalog; path = Assets.xcassets; sourceTree = "<group>"; };
		B616EB6227FB64B40062FECD /* Base */ = {isa = PBXFileReference; lastKnownFileType = file.storyboard; name = Base; path = Base.lproj/LaunchScreen.storyboard; sourceTree = "<group>"; };
		B616EB6427FB64B40062FECD /* Info.plist */ = {isa = PBXFileReference; lastKnownFileType = text.plist.xml; path = Info.plist; sourceTree = "<group>"; };
		B67070BE280DD3EE0029E41D /* EndlessStatisticsTableViewCell.swift */ = {isa = PBXFileReference; lastKnownFileType = sourcecode.swift; path = EndlessStatisticsTableViewCell.swift; sourceTree = "<group>"; };
		B67070C0280EA7AE0029E41D /* LevelTableViewCell.swift */ = {isa = PBXFileReference; lastKnownFileType = sourcecode.swift; path = LevelTableViewCell.swift; sourceTree = "<group>"; };
		B67070C2280EA7BD0029E41D /* CampaignLevelsTableViewController.swift */ = {isa = PBXFileReference; lastKnownFileType = sourcecode.swift; path = CampaignLevelsTableViewController.swift; sourceTree = "<group>"; };
		B67070C5280EA8050029E41D /* Level.swift */ = {isa = PBXFileReference; lastKnownFileType = sourcecode.swift; path = Level.swift; sourceTree = "<group>"; };
		B67070C7280EA81F0029E41D /* CampaignGame.swift */ = {isa = PBXFileReference; lastKnownFileType = sourcecode.swift; path = CampaignGame.swift; sourceTree = "<group>"; };
		B68C8C24280C0BC800485CBF /* EndlessGameViewController.swift */ = {isa = PBXFileReference; lastKnownFileType = sourcecode.swift; path = EndlessGameViewController.swift; sourceTree = "<group>"; };
		B68C8C26280C0D9000485CBF /* StartEndlessGameTableViewController.swift */ = {isa = PBXFileReference; lastKnownFileType = sourcecode.swift; path = StartEndlessGameTableViewController.swift; sourceTree = "<group>"; };
		B68C8C28280C492B00485CBF /* EndlessStatisticsTableViewController.swift */ = {isa = PBXFileReference; lastKnownFileType = sourcecode.swift; path = EndlessStatisticsTableViewController.swift; sourceTree = "<group>"; };
		B6D040FA280EAEB900B5FA87 /* CampaignGameViewController.swift */ = {isa = PBXFileReference; lastKnownFileType = sourcecode.swift; path = CampaignGameViewController.swift; sourceTree = "<group>"; };
		B6D040FC280F2E2100B5FA87 /* CampaignStatisticsTableViewController.swift */ = {isa = PBXFileReference; lastKnownFileType = sourcecode.swift; path = CampaignStatisticsTableViewController.swift; sourceTree = "<group>"; };
		B6D040FE280F329900B5FA87 /* CampaignStatisticsTableViewCell.swift */ = {isa = PBXFileReference; lastKnownFileType = sourcecode.swift; path = CampaignStatisticsTableViewCell.swift; sourceTree = "<group>"; };
		B6D0410028102BEC00B5FA87 /* TabBarViewController.swift */ = {isa = PBXFileReference; lastKnownFileType = sourcecode.swift; path = TabBarViewController.swift; sourceTree = "<group>"; };
		B6D04103281031AC00B5FA87 /* ProfileViewController.swift */ = {isa = PBXFileReference; lastKnownFileType = sourcecode.swift; path = ProfileViewController.swift; sourceTree = "<group>"; };
		B6DA9DBB27FB74D9007FE653 /* RatingGameViewController.swift */ = {isa = PBXFileReference; lastKnownFileType = sourcecode.swift; path = RatingGameViewController.swift; sourceTree = "<group>"; };
		B6DA9DBD27FB7DBB007FE653 /* GameViewController.swift */ = {isa = PBXFileReference; lastKnownFileType = sourcecode.swift; path = GameViewController.swift; sourceTree = "<group>"; };
		B6DA9DBF27FC2B39007FE653 /* Task.swift */ = {isa = PBXFileReference; lastKnownFileType = sourcecode.swift; path = Task.swift; sourceTree = "<group>"; };
		B6DA9DC127FC2B40007FE653 /* EndlessGame.swift */ = {isa = PBXFileReference; lastKnownFileType = sourcecode.swift; path = EndlessGame.swift; sourceTree = "<group>"; };
		B6DA9DC327FC2B60007FE653 /* Player.swift */ = {isa = PBXFileReference; lastKnownFileType = sourcecode.swift; path = Player.swift; sourceTree = "<group>"; };
		B6DA9DC727FCC9BD007FE653 /* StatisticsTableViewController.swift */ = {isa = PBXFileReference; lastKnownFileType = sourcecode.swift; path = StatisticsTableViewController.swift; sourceTree = "<group>"; };
/* End PBXFileReference section */

/* Begin PBXFrameworksBuildPhase section */
		B616EB5027FB64B30062FECD /* Frameworks */ = {
			isa = PBXFrameworksBuildPhase;
			buildActionMask = 2147483647;
			files = (
			);
			runOnlyForDeploymentPostprocessing = 0;
		};
/* End PBXFrameworksBuildPhase section */

/* Begin PBXGroup section */
		B616EB4A27FB64B30062FECD = {
			isa = PBXGroup;
			children = (
				B616EB5527FB64B30062FECD /* ArithmeticPvP */,
				B616EB5427FB64B30062FECD /* Products */,
			);
			sourceTree = "<group>";
		};
		B616EB5427FB64B30062FECD /* Products */ = {
			isa = PBXGroup;
			children = (
				B616EB5327FB64B30062FECD /* ArithmeticPvP.app */,
			);
			name = Products;
			sourceTree = "<group>";
		};
		B616EB5527FB64B30062FECD /* ArithmeticPvP */ = {
			isa = PBXGroup;
			children = (
				B68C8C22280B36FB00485CBF /* Delegates */,
				B68C8C23280B370600485CBF /* Views */,
				B68C8C20280B34EA00485CBF /* Models */,
				B68C8C21280B369D00485CBF /* ViewControllers */,
				B616EB5F27FB64B40062FECD /* Assets.xcassets */,
				B616EB6427FB64B40062FECD /* Info.plist */,
			);
			path = ArithmeticPvP;
			sourceTree = "<group>";
		};
		B67070C4280EA7C70029E41D /* Campaign */ = {
			isa = PBXGroup;
			children = (
				B67070C2280EA7BD0029E41D /* CampaignLevelsTableViewController.swift */,
				B67070C0280EA7AE0029E41D /* LevelTableViewCell.swift */,
				B6D040FA280EAEB900B5FA87 /* CampaignGameViewController.swift */,
				B6D040FC280F2E2100B5FA87 /* CampaignStatisticsTableViewController.swift */,
				B6D040FE280F329900B5FA87 /* CampaignStatisticsTableViewCell.swift */,
			);
			path = Campaign;
			sourceTree = "<group>";
		};
		B68C8C20280B34EA00485CBF /* Models */ = {
			isa = PBXGroup;
			children = (
				B6DA9DBF27FC2B39007FE653 /* Task.swift */,
				B6DA9DC127FC2B40007FE653 /* EndlessGame.swift */,
				B6DA9DC327FC2B60007FE653 /* Player.swift */,
				B67070C5280EA8050029E41D /* Level.swift */,
				B67070C7280EA81F0029E41D /* CampaignGame.swift */,
			);
			path = Models;
			sourceTree = "<group>";
		};
		B68C8C21280B369D00485CBF /* ViewControllers */ = {
			isa = PBXGroup;
			children = (
				B6D04105281031BA00B5FA87 /* Profile */,
				B68C8C2A280C4AB400485CBF /* EndlessGame */,
				B67070C4280EA7C70029E41D /* Campaign */,
				B68C8C2B280C4ACA00485CBF /* RatingGame */,
				B6D0410228102BF100B5FA87 /* TabBar */,
			);
			path = ViewControllers;
			sourceTree = "<group>";
		};
		B68C8C22280B36FB00485CBF /* Delegates */ = {
			isa = PBXGroup;
			children = (
				B616EB5627FB64B30062FECD /* AppDelegate.swift */,
				B616EB5827FB64B30062FECD /* SceneDelegate.swift */,
			);
			path = Delegates;
			sourceTree = "<group>";
		};
		B68C8C23280B370600485CBF /* Views */ = {
			isa = PBXGroup;
			children = (
				B616EB5C27FB64B30062FECD /* Main.storyboard */,
				B616EB6127FB64B40062FECD /* LaunchScreen.storyboard */,
			);
			path = Views;
			sourceTree = "<group>";
		};
		B68C8C2A280C4AB400485CBF /* EndlessGame */ = {
			isa = PBXGroup;
			children = (
				B68C8C26280C0D9000485CBF /* StartEndlessGameTableViewController.swift */,
				B68C8C24280C0BC800485CBF /* EndlessGameViewController.swift */,
				B68C8C28280C492B00485CBF /* EndlessStatisticsTableViewController.swift */,
				B67070BE280DD3EE0029E41D /* EndlessStatisticsTableViewCell.swift */,
			);
			path = EndlessGame;
			sourceTree = "<group>";
		};
		B68C8C2B280C4ACA00485CBF /* RatingGame */ = {
			isa = PBXGroup;
			children = (
				B6DA9DBD27FB7DBB007FE653 /* GameViewController.swift */,
				B6DA9DBB27FB74D9007FE653 /* RatingGameViewController.swift */,
				B6DA9DC727FCC9BD007FE653 /* StatisticsTableViewController.swift */,
			);
			path = RatingGame;
			sourceTree = "<group>";
		};
		B6D0410228102BF100B5FA87 /* TabBar */ = {
			isa = PBXGroup;
			children = (
				B6D0410028102BEC00B5FA87 /* TabBarViewController.swift */,
			);
			path = TabBar;
			sourceTree = "<group>";
		};
		B6D04105281031BA00B5FA87 /* Profile */ = {
			isa = PBXGroup;
			children = (
				B6D04103281031AC00B5FA87 /* ProfileViewController.swift */,
			);
			path = Profile;
			sourceTree = "<group>";
		};
/* End PBXGroup section */

/* Begin PBXNativeTarget section */
		B616EB5227FB64B30062FECD /* ArithmeticPvP */ = {
			isa = PBXNativeTarget;
			buildConfigurationList = B616EB6727FB64B40062FECD /* Build configuration list for PBXNativeTarget "ArithmeticPvP" */;
			buildPhases = (
				B616EB4F27FB64B30062FECD /* Sources */,
				B616EB5027FB64B30062FECD /* Frameworks */,
				B616EB5127FB64B30062FECD /* Resources */,
			);
			buildRules = (
			);
			dependencies = (
			);
			name = ArithmeticPvP;
			productName = ArithmeticPvP;
			productReference = B616EB5327FB64B30062FECD /* ArithmeticPvP.app */;
			productType = "com.apple.product-type.application";
		};
/* End PBXNativeTarget section */

/* Begin PBXProject section */
		B616EB4B27FB64B30062FECD /* Project object */ = {
			isa = PBXProject;
			attributes = {
				BuildIndependentTargetsInParallel = 1;
				LastSwiftUpdateCheck = 1330;
				LastUpgradeCheck = 1330;
				TargetAttributes = {
					B616EB5227FB64B30062FECD = {
						CreatedOnToolsVersion = 13.3;
					};
				};
			};
			buildConfigurationList = B616EB4E27FB64B30062FECD /* Build configuration list for PBXProject "ArithmeticPvP" */;
			compatibilityVersion = "Xcode 13.0";
			developmentRegion = en;
			hasScannedForEncodings = 0;
			knownRegions = (
				en,
				Base,
			);
			mainGroup = B616EB4A27FB64B30062FECD;
			productRefGroup = B616EB5427FB64B30062FECD /* Products */;
			projectDirPath = "";
			projectRoot = "";
			targets = (
				B616EB5227FB64B30062FECD /* ArithmeticPvP */,
			);
		};
/* End PBXProject section */

/* Begin PBXResourcesBuildPhase section */
		B616EB5127FB64B30062FECD /* Resources */ = {
			isa = PBXResourcesBuildPhase;
			buildActionMask = 2147483647;
			files = (
				B616EB6327FB64B40062FECD /* LaunchScreen.storyboard in Resources */,
				B616EB6027FB64B40062FECD /* Assets.xcassets in Resources */,
				B616EB5E27FB64B30062FECD /* Main.storyboard in Resources */,
			);
			runOnlyForDeploymentPostprocessing = 0;
		};
/* End PBXResourcesBuildPhase section */

/* Begin PBXSourcesBuildPhase section */
		B616EB4F27FB64B30062FECD /* Sources */ = {
			isa = PBXSourcesBuildPhase;
			buildActionMask = 2147483647;
			files = (
				B6DA9DC827FCC9BD007FE653 /* StatisticsTableViewController.swift in Sources */,
				B68C8C29280C492B00485CBF /* EndlessStatisticsTableViewController.swift in Sources */,
				B6DA9DBE27FB7DBB007FE653 /* GameViewController.swift in Sources */,
				B6D040FB280EAEB900B5FA87 /* CampaignGameViewController.swift in Sources */,
				B67070C6280EA8050029E41D /* Level.swift in Sources */,
				B67070C1280EA7AE0029E41D /* LevelTableViewCell.swift in Sources */,
				B6D040FF280F329A00B5FA87 /* CampaignStatisticsTableViewCell.swift in Sources */,
				B6DA9DC227FC2B40007FE653 /* EndlessGame.swift in Sources */,
				B6D0410128102BEC00B5FA87 /* TabBarViewController.swift in Sources */,
				B616EB5727FB64B30062FECD /* AppDelegate.swift in Sources */,
				B6D040FD280F2E2100B5FA87 /* CampaignStatisticsTableViewController.swift in Sources */,
				B67070C8280EA81F0029E41D /* CampaignGame.swift in Sources */,
				B6DA9DC027FC2B39007FE653 /* Task.swift in Sources */,
				B67070BF280DD3EE0029E41D /* EndlessStatisticsTableViewCell.swift in Sources */,
				B68C8C27280C0D9000485CBF /* StartEndlessGameTableViewController.swift in Sources */,
				B6DA9DC427FC2B60007FE653 /* Player.swift in Sources */,
				B616EB5927FB64B30062FECD /* SceneDelegate.swift in Sources */,
				B67070C3280EA7BD0029E41D /* CampaignLevelsTableViewController.swift in Sources */,
				B6D04104281031AC00B5FA87 /* ProfileViewController.swift in Sources */,
				B6DA9DBC27FB74D9007FE653 /* RatingGameViewController.swift in Sources */,
				B68C8C25280C0BC800485CBF /* EndlessGameViewController.swift in Sources */,
			);
			runOnlyForDeploymentPostprocessing = 0;
		};
/* End PBXSourcesBuildPhase section */

/* Begin PBXVariantGroup section */
		B616EB5C27FB64B30062FECD /* Main.storyboard */ = {
			isa = PBXVariantGroup;
			children = (
				B616EB5D27FB64B30062FECD /* Base */,
			);
			name = Main.storyboard;
			sourceTree = "<group>";
		};
		B616EB6127FB64B40062FECD /* LaunchScreen.storyboard */ = {
			isa = PBXVariantGroup;
			children = (
				B616EB6227FB64B40062FECD /* Base */,
			);
			name = LaunchScreen.storyboard;
			sourceTree = "<group>";
		};
/* End PBXVariantGroup section */

/* Begin XCBuildConfiguration section */
		B616EB6527FB64B40062FECD /* Debug */ = {
			isa = XCBuildConfiguration;
			buildSettings = {
				ALWAYS_SEARCH_USER_PATHS = NO;
				CLANG_ANALYZER_NONNULL = YES;
				CLANG_ANALYZER_NUMBER_OBJECT_CONVERSION = YES_AGGRESSIVE;
				CLANG_CXX_LANGUAGE_STANDARD = "gnu++17";
				CLANG_ENABLE_MODULES = YES;
				CLANG_ENABLE_OBJC_ARC = YES;
				CLANG_ENABLE_OBJC_WEAK = YES;
				CLANG_WARN_BLOCK_CAPTURE_AUTORELEASING = YES;
				CLANG_WARN_BOOL_CONVERSION = YES;
				CLANG_WARN_COMMA = YES;
				CLANG_WARN_CONSTANT_CONVERSION = YES;
				CLANG_WARN_DEPRECATED_OBJC_IMPLEMENTATIONS = YES;
				CLANG_WARN_DIRECT_OBJC_ISA_USAGE = YES_ERROR;
				CLANG_WARN_DOCUMENTATION_COMMENTS = YES;
				CLANG_WARN_EMPTY_BODY = YES;
				CLANG_WARN_ENUM_CONVERSION = YES;
				CLANG_WARN_INFINITE_RECURSION = YES;
				CLANG_WARN_INT_CONVERSION = YES;
				CLANG_WARN_NON_LITERAL_NULL_CONVERSION = YES;
				CLANG_WARN_OBJC_IMPLICIT_RETAIN_SELF = YES;
				CLANG_WARN_OBJC_LITERAL_CONVERSION = YES;
				CLANG_WARN_OBJC_ROOT_CLASS = YES_ERROR;
				CLANG_WARN_QUOTED_INCLUDE_IN_FRAMEWORK_HEADER = YES;
				CLANG_WARN_RANGE_LOOP_ANALYSIS = YES;
				CLANG_WARN_STRICT_PROTOTYPES = YES;
				CLANG_WARN_SUSPICIOUS_MOVE = YES;
				CLANG_WARN_UNGUARDED_AVAILABILITY = YES_AGGRESSIVE;
				CLANG_WARN_UNREACHABLE_CODE = YES;
				CLANG_WARN__DUPLICATE_METHOD_MATCH = YES;
				COPY_PHASE_STRIP = NO;
				DEBUG_INFORMATION_FORMAT = dwarf;
				ENABLE_STRICT_OBJC_MSGSEND = YES;
				ENABLE_TESTABILITY = YES;
				GCC_C_LANGUAGE_STANDARD = gnu11;
				GCC_DYNAMIC_NO_PIC = NO;
				GCC_NO_COMMON_BLOCKS = YES;
				GCC_OPTIMIZATION_LEVEL = 0;
				GCC_PREPROCESSOR_DEFINITIONS = (
					"DEBUG=1",
					"$(inherited)",
				);
				GCC_WARN_64_TO_32_BIT_CONVERSION = YES;
				GCC_WARN_ABOUT_RETURN_TYPE = YES_ERROR;
				GCC_WARN_UNDECLARED_SELECTOR = YES;
				GCC_WARN_UNINITIALIZED_AUTOS = YES_AGGRESSIVE;
				GCC_WARN_UNUSED_FUNCTION = YES;
				GCC_WARN_UNUSED_VARIABLE = YES;
				IPHONEOS_DEPLOYMENT_TARGET = 15.4;
				MTL_ENABLE_DEBUG_INFO = INCLUDE_SOURCE;
				MTL_FAST_MATH = YES;
				ONLY_ACTIVE_ARCH = YES;
				SDKROOT = iphoneos;
				SWIFT_ACTIVE_COMPILATION_CONDITIONS = DEBUG;
				SWIFT_OPTIMIZATION_LEVEL = "-Onone";
			};
			name = Debug;
		};
		B616EB6627FB64B40062FECD /* Release */ = {
			isa = XCBuildConfiguration;
			buildSettings = {
				ALWAYS_SEARCH_USER_PATHS = NO;
				CLANG_ANALYZER_NONNULL = YES;
				CLANG_ANALYZER_NUMBER_OBJECT_CONVERSION = YES_AGGRESSIVE;
				CLANG_CXX_LANGUAGE_STANDARD = "gnu++17";
				CLANG_ENABLE_MODULES = YES;
				CLANG_ENABLE_OBJC_ARC = YES;
				CLANG_ENABLE_OBJC_WEAK = YES;
				CLANG_WARN_BLOCK_CAPTURE_AUTORELEASING = YES;
				CLANG_WARN_BOOL_CONVERSION = YES;
				CLANG_WARN_COMMA = YES;
				CLANG_WARN_CONSTANT_CONVERSION = YES;
				CLANG_WARN_DEPRECATED_OBJC_IMPLEMENTATIONS = YES;
				CLANG_WARN_DIRECT_OBJC_ISA_USAGE = YES_ERROR;
				CLANG_WARN_DOCUMENTATION_COMMENTS = YES;
				CLANG_WARN_EMPTY_BODY = YES;
				CLANG_WARN_ENUM_CONVERSION = YES;
				CLANG_WARN_INFINITE_RECURSION = YES;
				CLANG_WARN_INT_CONVERSION = YES;
				CLANG_WARN_NON_LITERAL_NULL_CONVERSION = YES;
				CLANG_WARN_OBJC_IMPLICIT_RETAIN_SELF = YES;
				CLANG_WARN_OBJC_LITERAL_CONVERSION = YES;
				CLANG_WARN_OBJC_ROOT_CLASS = YES_ERROR;
				CLANG_WARN_QUOTED_INCLUDE_IN_FRAMEWORK_HEADER = YES;
				CLANG_WARN_RANGE_LOOP_ANALYSIS = YES;
				CLANG_WARN_STRICT_PROTOTYPES = YES;
				CLANG_WARN_SUSPICIOUS_MOVE = YES;
				CLANG_WARN_UNGUARDED_AVAILABILITY = YES_AGGRESSIVE;
				CLANG_WARN_UNREACHABLE_CODE = YES;
				CLANG_WARN__DUPLICATE_METHOD_MATCH = YES;
				COPY_PHASE_STRIP = NO;
				DEBUG_INFORMATION_FORMAT = "dwarf-with-dsym";
				ENABLE_NS_ASSERTIONS = NO;
				ENABLE_STRICT_OBJC_MSGSEND = YES;
				GCC_C_LANGUAGE_STANDARD = gnu11;
				GCC_NO_COMMON_BLOCKS = YES;
				GCC_WARN_64_TO_32_BIT_CONVERSION = YES;
				GCC_WARN_ABOUT_RETURN_TYPE = YES_ERROR;
				GCC_WARN_UNDECLARED_SELECTOR = YES;
				GCC_WARN_UNINITIALIZED_AUTOS = YES_AGGRESSIVE;
				GCC_WARN_UNUSED_FUNCTION = YES;
				GCC_WARN_UNUSED_VARIABLE = YES;
				IPHONEOS_DEPLOYMENT_TARGET = 15.4;
				MTL_ENABLE_DEBUG_INFO = NO;
				MTL_FAST_MATH = YES;
				SDKROOT = iphoneos;
				SWIFT_COMPILATION_MODE = wholemodule;
				SWIFT_OPTIMIZATION_LEVEL = "-O";
				VALIDATE_PRODUCT = YES;
			};
			name = Release;
		};
		B616EB6827FB64B40062FECD /* Debug */ = {
			isa = XCBuildConfiguration;
			buildSettings = {
				ASSETCATALOG_COMPILER_APPICON_NAME = AppIcon;
				ASSETCATALOG_COMPILER_GLOBAL_ACCENT_COLOR_NAME = AccentColor;
				CODE_SIGN_STYLE = Automatic;
				CURRENT_PROJECT_VERSION = 1;
				DEVELOPMENT_TEAM = P433G7GD7J;
				GENERATE_INFOPLIST_FILE = YES;
				INFOPLIST_FILE = ArithmeticPvP/Info.plist;
				INFOPLIST_KEY_UIApplicationSupportsIndirectInputEvents = YES;
				INFOPLIST_KEY_UILaunchStoryboardName = LaunchScreen;
				INFOPLIST_KEY_UIMainStoryboardFile = Main;
				INFOPLIST_KEY_UISupportedInterfaceOrientations = UIInterfaceOrientationPortrait;
				INFOPLIST_KEY_UISupportedInterfaceOrientations_iPad = "UIInterfaceOrientationPortrait UIInterfaceOrientationPortraitUpsideDown UIInterfaceOrientationLandscapeLeft UIInterfaceOrientationLandscapeRight";
				INFOPLIST_KEY_UISupportedInterfaceOrientations_iPhone = "UIInterfaceOrientationPortrait UIInterfaceOrientationLandscapeLeft UIInterfaceOrientationLandscapeRight";
				IPHONEOS_DEPLOYMENT_TARGET = 15.0;
				LD_RUNPATH_SEARCH_PATHS = (
					"$(inherited)",
					"@executable_path/Frameworks",
				);
				MARKETING_VERSION = 1.0;
				PRODUCT_BUNDLE_IDENTIFIER = com.shabalin13.ArithmeticPvP;
				PRODUCT_NAME = "$(TARGET_NAME)";
				SWIFT_EMIT_LOC_STRINGS = YES;
				SWIFT_VERSION = 5.0;
				TARGETED_DEVICE_FAMILY = "1,2";
			};
			name = Debug;
		};
		B616EB6927FB64B40062FECD /* Release */ = {
			isa = XCBuildConfiguration;
			buildSettings = {
				ASSETCATALOG_COMPILER_APPICON_NAME = AppIcon;
				ASSETCATALOG_COMPILER_GLOBAL_ACCENT_COLOR_NAME = AccentColor;
				CODE_SIGN_STYLE = Automatic;
				CURRENT_PROJECT_VERSION = 1;
				DEVELOPMENT_TEAM = P433G7GD7J;
				GENERATE_INFOPLIST_FILE = YES;
				INFOPLIST_FILE = ArithmeticPvP/Info.plist;
				INFOPLIST_KEY_UIApplicationSupportsIndirectInputEvents = YES;
				INFOPLIST_KEY_UILaunchStoryboardName = LaunchScreen;
				INFOPLIST_KEY_UIMainStoryboardFile = Main;
				INFOPLIST_KEY_UISupportedInterfaceOrientations = UIInterfaceOrientationPortrait;
				INFOPLIST_KEY_UISupportedInterfaceOrientations_iPad = "UIInterfaceOrientationPortrait UIInterfaceOrientationPortraitUpsideDown UIInterfaceOrientationLandscapeLeft UIInterfaceOrientationLandscapeRight";
				INFOPLIST_KEY_UISupportedInterfaceOrientations_iPhone = "UIInterfaceOrientationPortrait UIInterfaceOrientationLandscapeLeft UIInterfaceOrientationLandscapeRight";
				IPHONEOS_DEPLOYMENT_TARGET = 15.0;
				LD_RUNPATH_SEARCH_PATHS = (
					"$(inherited)",
					"@executable_path/Frameworks",
				);
				MARKETING_VERSION = 1.0;
				PRODUCT_BUNDLE_IDENTIFIER = com.shabalin13.ArithmeticPvP;
				PRODUCT_NAME = "$(TARGET_NAME)";
				SWIFT_EMIT_LOC_STRINGS = YES;
				SWIFT_VERSION = 5.0;
				TARGETED_DEVICE_FAMILY = "1,2";
			};
			name = Release;
		};
/* End XCBuildConfiguration section */

/* Begin XCConfigurationList section */
		B616EB4E27FB64B30062FECD /* Build configuration list for PBXProject "ArithmeticPvP" */ = {
			isa = XCConfigurationList;
			buildConfigurations = (
				B616EB6527FB64B40062FECD /* Debug */,
				B616EB6627FB64B40062FECD /* Release */,
			);
			defaultConfigurationIsVisible = 0;
			defaultConfigurationName = Release;
		};
		B616EB6727FB64B40062FECD /* Build configuration list for PBXNativeTarget "ArithmeticPvP" */ = {
			isa = XCConfigurationList;
			buildConfigurations = (
				B616EB6827FB64B40062FECD /* Debug */,
				B616EB6927FB64B40062FECD /* Release */,
			);
			defaultConfigurationIsVisible = 0;
			defaultConfigurationName = Release;
		};
/* End XCConfigurationList section */
	};
	rootObject = B616EB4B27FB64B30062FECD /* Project object */;
}
